
Microsoft Visual Studio Solution File, Format Version 12.00
# Visual Studio 15
VisualStudioVersion = 15.0.28010.2041
MinimumVisualStudioVersion = 10.0.40219.1
Project("{FAE04EC0-301F-11D3-BF4B-00C04F79EFBC}") = "Ejercicio1", "Array\Ejercicio1.csproj", "{F72A7483-5672-4698-9A07-621A426020FE}"
EndProject
Project("{FAE04EC0-301F-11D3-BF4B-00C04F79EFBC}") = "Ejercicio0", "ConsoleApp1\Ejercicio0.csproj", "{54426ABD-8AF5-414B-A27F-66FA98EC55FF}"
EndProject
Project("{FAE04EC0-301F-11D3-BF4B-00C04F79EFBC}") = "Ejercicio2", "ConsoleApp2\Ejercicio2.csproj", "{4E2FCA5E-C8BF-4B18-A201-11A294971A25}"
EndProject
Project("{FAE04EC0-301F-11D3-BF4B-00C04F79EFBC}") = "Ejercicio3", "ConsoleApp3\Ejercicio3.csproj", "{6040A05F-C152-4ACD-914F-67EB18CD5A74}"
EndProject
Project("{FAE04EC0-301F-11D3-BF4B-00C04F79EFBC}") = "Ejercicio4", "ConsoleApp4\Ejercicio4.csproj", "{A45494A8-9338-455B-B9CE-63DD6B4280A5}"
EndProject
Global
	GlobalSection(SolutionConfigurationPlatforms) = preSolution
		Debug|Any CPU = Debug|Any CPU
		Release|Any CPU = Release|Any CPU
	EndGlobalSection
	GlobalSection(ProjectConfigurationPlatforms) = postSolution
		{F72A7483-5672-4698-9A07-621A426020FE}.Debug|Any CPU.ActiveCfg = Debug|Any CPU
		{F72A7483-5672-4698-9A07-621A426020FE}.Debug|Any CPU.Build.0 = Debug|Any CPU
		{F72A7483-5672-4698-9A07-621A426020FE}.Release|Any CPU.ActiveCfg = Release|Any CPU
		{F72A7483-5672-4698-9A07-621A426020FE}.Release|Any CPU.Build.0 = Release|Any CPU
		{54426ABD-8AF5-414B-A27F-66FA98EC55FF}.Debug|Any CPU.ActiveCfg = Debug|Any CPU
		{54426ABD-8AF5-414B-A27F-66FA98EC55FF}.Debug|Any CPU.Build.0 = Debug|Any CPU
		{54426ABD-8AF5-414B-A27F-66FA98EC55FF}.Release|Any CPU.ActiveCfg = Release|Any CPU
		{54426ABD-8AF5-414B-A27F-66FA98EC55FF}.Release|Any CPU.Build.0 = Release|Any CPU
		{4E2FCA5E-C8BF-4B18-A201-11A294971A25}.Debug|Any CPU.ActiveCfg = Debug|Any CPU
		{4E2FCA5E-C8BF-4B18-A201-11A294971A25}.Debug|Any CPU.Build.0 = Debug|Any CPU
		{4E2FCA5E-C8BF-4B18-A201-11A294971A25}.Release|Any CPU.ActiveCfg = Release|Any CPU
		{4E2FCA5E-C8BF-4B18-A201-11A294971A25}.Release|Any CPU.Build.0 = Release|Any CPU
		{6040A05F-C152-4ACD-914F-67EB18CD5A74}.Debug|Any CPU.ActiveCfg = Debug|Any CPU
		{6040A05F-C152-4ACD-914F-67EB18CD5A74}.Debug|Any CPU.Build.0 = Debug|Any CPU
		{6040A05F-C152-4ACD-914F-67EB18CD5A74}.Release|Any CPU.ActiveCfg = Release|Any CPU
		{6040A05F-C152-4ACD-914F-67EB18CD5A74}.Release|Any CPU.Build.0 = Release|Any CPU
		{A45494A8-9338-455B-B9CE-63DD6B4280A5}.Debug|Any CPU.ActiveCfg = Debug|Any CPU
		{A45494A8-9338-455B-B9CE-63DD6B4280A5}.Debug|Any CPU.Build.0 = Debug|Any CPU
		{A45494A8-9338-455B-B9CE-63DD6B4280A5}.Release|Any CPU.ActiveCfg = Release|Any CPU
		{A45494A8-9338-455B-B9CE-63DD6B4280A5}.Release|Any CPU.Build.0 = Release|Any CPU
	EndGlobalSection
	GlobalSection(SolutionProperties) = preSolution
		HideSolutionNode = FALSE
	EndGlobalSection
	GlobalSection(ExtensibilityGlobals) = postSolution
		SolutionGuid = {5F96FDA5-BEDF-4A07-81E3-62DF05C029A3}
	EndGlobalSection
EndGlobal
