
Microsoft Visual Studio Solution File, Format Version 12.00
# Visual Studio 15
VisualStudioVersion = 15.0.28010.2041
MinimumVisualStudioVersion = 10.0.40219.1
Project("{FAE04EC0-301F-11D3-BF4B-00C04F79EFBC}") = "UsandoLaLibreriaMisOperacionesMatematicas", "UsandoLaLibreriaMisOperacionesMatematicas\UsandoLaLibreriaMisOperacionesMatematicas.csproj", "{7593A06C-D907-4056-9E9B-73DF99CB5F7F}"
EndProject
Global
	GlobalSection(SolutionConfigurationPlatforms) = preSolution
		Debug|Any CPU = Debug|Any CPU
		Release|Any CPU = Release|Any CPU
	EndGlobalSection
	GlobalSection(ProjectConfigurationPlatforms) = postSolution
		{7593A06C-D907-4056-9E9B-73DF99CB5F7F}.Debug|Any CPU.ActiveCfg = Debug|Any CPU
		{7593A06C-D907-4056-9E9B-73DF99CB5F7F}.Debug|Any CPU.Build.0 = Debug|Any CPU
		{7593A06C-D907-4056-9E9B-73DF99CB5F7F}.Release|Any CPU.ActiveCfg = Release|Any CPU
		{7593A06C-D907-4056-9E9B-73DF99CB5F7F}.Release|Any CPU.Build.0 = Release|Any CPU
	EndGlobalSection
	GlobalSection(SolutionProperties) = preSolution
		HideSolutionNode = FALSE
	EndGlobalSection
	GlobalSection(ExtensibilityGlobals) = postSolution
		SolutionGuid = {2898F2CE-3E3C-489D-82B3-540FC4F52CC8}
	EndGlobalSection
EndGlobal
