
Microsoft Visual Studio Solution File, Format Version 12.00
# Visual Studio 15
VisualStudioVersion = 15.0.28010.2041
MinimumVisualStudioVersion = 10.0.40219.1
Project("{9A19103F-16F7-4668-BE54-9A1E7A4F7556}") = "UsandoLaLibreriaMisOperacionesMatematicas", "..\UsandoLaLibreriaMisOperacionesMatematicas\UsandoLaLibreriaMisOperacionesMatematicas\UsandoLaLibreriaMisOperacionesMatematicas.csproj", "{137F0CB3-E588-440B-A9CA-B509B2DC7405}"
EndProject
Global
	GlobalSection(SolutionConfigurationPlatforms) = preSolution
		Debug|Any CPU = Debug|Any CPU
		Release|Any CPU = Release|Any CPU
	EndGlobalSection
	GlobalSection(ProjectConfigurationPlatforms) = postSolution
		{137F0CB3-E588-440B-A9CA-B509B2DC7405}.Debug|Any CPU.ActiveCfg = Debug|Any CPU
		{137F0CB3-E588-440B-A9CA-B509B2DC7405}.Debug|Any CPU.Build.0 = Debug|Any CPU
		{137F0CB3-E588-440B-A9CA-B509B2DC7405}.Release|Any CPU.ActiveCfg = Release|Any CPU
		{137F0CB3-E588-440B-A9CA-B509B2DC7405}.Release|Any CPU.Build.0 = Release|Any CPU
	EndGlobalSection
	GlobalSection(SolutionProperties) = preSolution
		HideSolutionNode = FALSE
	EndGlobalSection
	GlobalSection(ExtensibilityGlobals) = postSolution
		SolutionGuid = {E5DDEE48-021F-4D11-ABD3-0F5879BAFC9F}
	EndGlobalSection
EndGlobal
